// !$*UTF8*$!
{
	archiveVersion = 1;
	classes = {
	};
	objectVersion = 77;
	objects = {

/* Begin PBXBuildFile section */
		1FD06C1948B16FE83A6219B8 /* SafariView.swift in Sources */ = {isa = PBXBuildFile; fileRef = D532538F2A81952D8FC12D85 /* SafariView.swift */; };
		26776D82722C2C5634622FF6 /* DEMOEDApp.swift in Sources */ = {isa = PBXBuildFile; fileRef = 1717D9FA72C8C0B68331DB68 /* DEMOEDApp.swift */; };
		383A5AF3F9D8065F34AF3E1F /* LaunchView.swift in Sources */ = {isa = PBXBuildFile; fileRef = B36305A9886A3D6C3EEC26DF /* LaunchView.swift */; };
		420A4028FB23A00C6EFDED7A /* RootView.swift in Sources */ = {isa = PBXBuildFile; fileRef = EC08221EB84778589C031AA9 /* RootView.swift */; };
		43AEC1736E6A54BA19FE20E1 /* WebView.swift in Sources */ = {isa = PBXBuildFile; fileRef = E366E9DB179D49FBA65B4B11 /* WebView.swift */; };
		48283E29935445128CE5FD88 /* CaptureController.swift in Sources */ = {isa = PBXBuildFile; fileRef = 91276A4FA2155DD35E78A9A0 /* CaptureController.swift */; };
		703E959209492587FD02577E /* BrowserView.swift in Sources */ = {isa = PBXBuildFile; fileRef = 567CDDC1035C84B43372419A /* BrowserView.swift */; };
		7A585FC777507F6DF92EEA0B /* FakeStatusBar.swift in Sources */ = {isa = PBXBuildFile; fileRef = FA5EE372C0B7E935F637ACFC /* FakeStatusBar.swift */; };
/* End PBXBuildFile section */

/* Begin PBXFileReference section */
		1717D9FA72C8C0B68331DB68 /* DEMOEDApp.swift */ = {isa = PBXFileReference; lastKnownFileType = sourcecode.swift; path = DEMOEDApp.swift; sourceTree = "<group>"; };
		22E994274CF57D1407E4C526 /* DEMOED.app */ = {isa = PBXFileReference; includeInIndex = 0; lastKnownFileType = wrapper.application; path = DEMOED.app; sourceTree = BUILT_PRODUCTS_DIR; };
		567CDDC1035C84B43372419A /* BrowserView.swift */ = {isa = PBXFileReference; lastKnownFileType = sourcecode.swift; path = BrowserView.swift; sourceTree = "<group>"; };
		91276A4FA2155DD35E78A9A0 /* CaptureController.swift */ = {isa = PBXFileReference; lastKnownFileType = sourcecode.swift; path = CaptureController.swift; sourceTree = "<group>"; };
		A9DFEFDC5F5223FFB6BD848B /* Info.plist */ = {isa = PBXFileReference; lastKnownFileType = text.plist; path = Info.plist; sourceTree = "<group>"; };
		B36305A9886A3D6C3EEC26DF /* LaunchView.swift */ = {isa = PBXFileReference; lastKnownFileType = sourcecode.swift; path = LaunchView.swift; sourceTree = "<group>"; };
		D532538F2A81952D8FC12D85 /* SafariView.swift */ = {isa = PBXFileReference; lastKnownFileType = sourcecode.swift; path = SafariView.swift; sourceTree = "<group>"; };
		E366E9DB179D49FBA65B4B11 /* WebView.swift */ = {isa = PBXFileReference; lastKnownFileType = sourcecode.swift; path = WebView.swift; sourceTree = "<group>"; };
		EC08221EB84778589C031AA9 /* RootView.swift */ = {isa = PBXFileReference; lastKnownFileType = sourcecode.swift; path = RootView.swift; sourceTree = "<group>"; };
		FA5EE372C0B7E935F637ACFC /* FakeStatusBar.swift */ = {isa = PBXFileReference; lastKnownFileType = sourcecode.swift; path = FakeStatusBar.swift; sourceTree = "<group>"; };
/* End PBXFileReference section */

/* Begin PBXGroup section */
		4F62E8EE88CD49F2FF686A85 /* Products */ = {
			isa = PBXGroup;
			children = (
				22E994274CF57D1407E4C526 /* DEMOED.app */,
			);
			name = Products;
			sourceTree = "<group>";
		};
		70CB44D5104B7EBA5057C611 = {
			isa = PBXGroup;
			children = (
				D7D9355AE55CC7E04B564BDA /* DEMOED */,
				4F62E8EE88CD49F2FF686A85 /* Products */,
			);
			sourceTree = "<group>";
		};
		D7D9355AE55CC7E04B564BDA /* DEMOED */ = {
			isa = PBXGroup;
			children = (
				567CDDC1035C84B43372419A /* BrowserView.swift */,
				91276A4FA2155DD35E78A9A0 /* CaptureController.swift */,
				1717D9FA72C8C0B68331DB68 /* DEMOEDApp.swift */,
				FA5EE372C0B7E935F637ACFC /* FakeStatusBar.swift */,
				A9DFEFDC5F5223FFB6BD848B /* Info.plist */,
				B36305A9886A3D6C3EEC26DF /* LaunchView.swift */,
				EC08221EB84778589C031AA9 /* RootView.swift */,
				D532538F2A81952D8FC12D85 /* SafariView.swift */,
				E366E9DB179D49FBA65B4B11 /* WebView.swift */,
			);
			path = DEMOED;
			sourceTree = "<group>";
		};
/* End PBXGroup section */

/* Begin PBXNativeTarget section */
		4E33C8F3CB75BCBE20B61367 /* DEMOED */ = {
			isa = PBXNativeTarget;
			buildConfigurationList = 123D499F512889EE3E896975 /* Build configuration list for PBXNativeTarget "DEMOED" */;
			buildPhases = (
				36F5797C8C48C335C5F4DA72 /* Sources */,
			);
			buildRules = (
			);
			dependencies = (
			);
			name = DEMOED;
			packageProductDependencies = (
			);
			productName = DEMOED;
			productReference = 22E994274CF57D1407E4C526 /* DEMOED.app */;
			productType = "com.apple.product-type.application";
		};
/* End PBXNativeTarget section */

/* Begin PBXProject section */
		91CEA0EDD32C06E405141CD3 /* Project object */ = {
			isa = PBXProject;
			attributes = {
				BuildIndependentTargetsInParallel = YES;
				LastUpgradeCheck = 1430;
				TargetAttributes = {
					4E33C8F3CB75BCBE20B61367 = {
						DevelopmentTeam = "";
						ProvisioningStyle = Automatic;
					};
				};
			};
			buildConfigurationList = 56DF111FFAFC5DCEC7B6DF56 /* Build configuration list for PBXProject "DEMOED" */;
			developmentRegion = en;
			hasScannedForEncodings = 0;
			knownRegions = (
				Base,
				en,
			);
			mainGroup = 70CB44D5104B7EBA5057C611;
			minimizedProjectReferenceProxies = 1;
			preferredProjectObjectVersion = 77;
			productRefGroup = 4F62E8EE88CD49F2FF686A85 /* Products */;
			projectDirPath = "";
			projectRoot = "";
			targets = (
				4E33C8F3CB75BCBE20B61367 /* DEMOED */,
			);
		};
/* End PBXProject section */

/* Begin PBXSourcesBuildPhase section */
		36F5797C8C48C335C5F4DA72 /* Sources */ = {
			isa = PBXSourcesBuildPhase;
			buildActionMask = 2147483647;
			files = (
				703E959209492587FD02577E /* BrowserView.swift in Sources */,
				48283E29935445128CE5FD88 /* CaptureController.swift in Sources */,
				26776D82722C2C5634622FF6 /* DEMOEDApp.swift in Sources */,
				7A585FC777507F6DF92EEA0B /* FakeStatusBar.swift in Sources */,
				383A5AF3F9D8065F34AF3E1F /* LaunchView.swift in Sources */,
				420A4028FB23A00C6EFDED7A /* RootView.swift in Sources */,
				1FD06C1948B16FE83A6219B8 /* SafariView.swift in Sources */,
				43AEC1736E6A54BA19FE20E1 /* WebView.swift in Sources */,
			);
			runOnlyForDeploymentPostprocessing = 0;
		};
/* End PBXSourcesBuildPhase section */

/* Begin XCBuildConfiguration section */
		48E3DA1E4AA627EDFF721D23 /* Release */ = {
			isa = XCBuildConfiguration;
			buildSettings = {
				ASSETCATALOG_COMPILER_APPICON_NAME = AppIcon;
				CODE_SIGN_IDENTITY = "iPhone Developer";
				CODE_SIGN_STYLE = Automatic;
				CURRENT_PROJECT_VERSION = 2;
				DEVELOPMENT_TEAM = "";
				GENERATE_INFOPLIST_FILE = NO;
				INFOPLIST_FILE = DEMOED/Info.plist;
				LD_RUNPATH_SEARCH_PATHS = (
					"$(inherited)",
					"@executable_path/Frameworks",
				);
				MARKETING_VERSION = 1.2.0;
				PRODUCT_BUNDLE_IDENTIFIER = com.kevinauerbach.demoed;
				SDKROOT = iphoneos;
				SWIFT_VERSION = 5.0;
				TARGETED_DEVICE_FAMILY = 1;
			};
			name = Release;
		};
		5D18C7A903AE6D6A7FB472ED /* Debug */ = {
			isa = XCBuildConfiguration;
			buildSettings = {
				ASSETCATALOG_COMPILER_APPICON_NAME = AppIcon;
				CODE_SIGN_IDENTITY = "iPhone Developer";
				CODE_SIGN_STYLE = Automatic;
				CURRENT_PROJECT_VERSION = 2;
				DEVELOPMENT_TEAM = "";
				GENERATE_INFOPLIST_FILE = NO;
				INFOPLIST_FILE = DEMOED/Info.plist;
				LD_RUNPATH_SEARCH_PATHS = (
					"$(inherited)",
					"@executable_path/Frameworks",
				);
				MARKETING_VERSION = 1.2.0;
				PRODUCT_BUNDLE_IDENTIFIER = com.kevinauerbach.demoed;
				SDKROOT = iphoneos;
				SWIFT_VERSION = 5.0;
				TARGETED_DEVICE_FAMILY = 1;
			};
			name = Debug;
		};
		D6E67D0E18AD063CFB4095C3 /* Release */ = {
			isa = XCBuildConfiguration;
			buildSettings = {
				ALWAYS_SEARCH_USER_PATHS = NO;
				CLANG_ANALYZER_NONNULL = YES;
				CLANG_ANALYZER_NUMBER_OBJECT_CONVERSION = YES_AGGRESSIVE;
				CLANG_CXX_LANGUAGE_STANDARD = "gnu++14";
				CLANG_CXX_LIBRARY = "libc++";
				CLANG_ENABLE_MODULES = YES;
				CLANG_ENABLE_OBJC_ARC = YES;
				CLANG_ENABLE_OBJC_WEAK = YES;
				CLANG_WARN_BLOCK_CAPTURE_AUTORELEASING = YES;
				CLANG_WARN_BOOL_CONVERSION = YES;
				CLANG_WARN_COMMA = YES;
				CLANG_WARN_CONSTANT_CONVERSION = YES;
				CLANG_WARN_DEPRECATED_OBJC_IMPLEMENTATIONS = YES;
				CLANG_WARN_DIRECT_OBJC_ISA_USAGE = YES_ERROR;
				CLANG_WARN_DOCUMENTATION_COMMENTS = YES;
				CLANG_WARN_EMPTY_BODY = YES;
				CLANG_WARN_ENUM_CONVERSION = YES;
				CLANG_WARN_INFINITE_RECURSION = YES;
				CLANG_WARN_INT_CONVERSION = YES;
				CLANG_WARN_NON_LITERAL_NULL_CONVERSION = YES;
				CLANG_WARN_OBJC_IMPLICIT_RETAIN_SELF = YES;
				CLANG_WARN_OBJC_LITERAL_CONVERSION = YES;
				CLANG_WARN_OBJC_ROOT_CLASS = YES_ERROR;
				CLANG_WARN_QUOTED_INCLUDE_IN_FRAMEWORK_HEADER = YES;
				CLANG_WARN_RANGE_LOOP_ANALYSIS = YES;
				CLANG_WARN_STRICT_PROTOTYPES = YES;
				CLANG_WARN_SUSPICIOUS_MOVE = YES;
				CLANG_WARN_UNGUARDED_AVAILABILITY = YES_AGGRESSIVE;
				CLANG_WARN_UNREACHABLE_CODE = YES;
				CLANG_WARN__DUPLICATE_METHOD_MATCH = YES;
				COPY_PHASE_STRIP = NO;
				DEBUG_INFORMATION_FORMAT = "dwarf-with-dsym";
				ENABLE_NS_ASSERTIONS = NO;
				ENABLE_STRICT_OBJC_MSGSEND = YES;
				GCC_C_LANGUAGE_STANDARD = gnu11;
				GCC_NO_COMMON_BLOCKS = YES;
				GCC_WARN_64_TO_32_BIT_CONVERSION = YES;
				GCC_WARN_ABOUT_RETURN_TYPE = YES_ERROR;
				GCC_WARN_UNDECLARED_SELECTOR = YES;
				GCC_WARN_UNINITIALIZED_AUTOS = YES_AGGRESSIVE;
				GCC_WARN_UNUSED_FUNCTION = YES;
				GCC_WARN_UNUSED_VARIABLE = YES;
				IPHONEOS_DEPLOYMENT_TARGET = 17.0;
				MTL_ENABLE_DEBUG_INFO = NO;
				MTL_FAST_MATH = YES;
				PRODUCT_NAME = "$(TARGET_NAME)";
				SDKROOT = iphoneos;
				SWIFT_COMPILATION_MODE = wholemodule;
				SWIFT_OPTIMIZATION_LEVEL = "-O";
				SWIFT_VERSION = 5.0;
			};
			name = Release;
		};
		FA188FE01CFFE7ADA5D3544C /* Debug */ = {
			isa = XCBuildConfiguration;
			buildSettings = {
				ALWAYS_SEARCH_USER_PATHS = NO;
				CLANG_ANALYZER_NONNULL = YES;
				CLANG_ANALYZER_NUMBER_OBJECT_CONVERSION = YES_AGGRESSIVE;
				CLANG_CXX_LANGUAGE_STANDARD = "gnu++14";
				CLANG_CXX_LIBRARY = "libc++";
				CLANG_ENABLE_MODULES = YES;
				CLANG_ENABLE_OBJC_ARC = YES;
				CLANG_ENABLE_OBJC_WEAK = YES;
				CLANG_WARN_BLOCK_CAPTURE_AUTORELEASING = YES;
				CLANG_WARN_BOOL_CONVERSION = YES;
				CLANG_WARN_COMMA = YES;
				CLANG_WARN_CONSTANT_CONVERSION = YES;
				CLANG_WARN_DEPRECATED_OBJC_IMPLEMENTATIONS = YES;
				CLANG_WARN_DIRECT_OBJC_ISA_USAGE = YES_ERROR;
				CLANG_WARN_DOCUMENTATION_COMMENTS = YES;
				CLANG_WARN_EMPTY_BODY = YES;
				CLANG_WARN_ENUM_CONVERSION = YES;
				CLANG_WARN_INFINITE_RECURSION = YES;
				CLANG_WARN_INT_CONVERSION = YES;
				CLANG_WARN_NON_LITERAL_NULL_CONVERSION = YES;
				CLANG_WARN_OBJC_IMPLICIT_RETAIN_SELF = YES;
				CLANG_WARN_OBJC_LITERAL_CONVERSION = YES;
				CLANG_WARN_OBJC_ROOT_CLASS = YES_ERROR;
				CLANG_WARN_QUOTED_INCLUDE_IN_FRAMEWORK_HEADER = YES;
				CLANG_WARN_RANGE_LOOP_ANALYSIS = YES;
				CLANG_WARN_STRICT_PROTOTYPES = YES;
				CLANG_WARN_SUSPICIOUS_MOVE = YES;
				CLANG_WARN_UNGUARDED_AVAILABILITY = YES_AGGRESSIVE;
				CLANG_WARN_UNREACHABLE_CODE = YES;
				CLANG_WARN__DUPLICATE_METHOD_MATCH = YES;
				COPY_PHASE_STRIP = NO;
				DEBUG_INFORMATION_FORMAT = dwarf;
				ENABLE_STRICT_OBJC_MSGSEND = YES;
				ENABLE_TESTABILITY = YES;
				GCC_C_LANGUAGE_STANDARD = gnu11;
				GCC_DYNAMIC_NO_PIC = NO;
				GCC_NO_COMMON_BLOCKS = YES;
				GCC_OPTIMIZATION_LEVEL = 0;
				GCC_PREPROCESSOR_DEFINITIONS = (
					"$(inherited)",
					"DEBUG=1",
				);
				GCC_WARN_64_TO_32_BIT_CONVERSION = YES;
				GCC_WARN_ABOUT_RETURN_TYPE = YES_ERROR;
				GCC_WARN_UNDECLARED_SELECTOR = YES;
				GCC_WARN_UNINITIALIZED_AUTOS = YES_AGGRESSIVE;
				GCC_WARN_UNUSED_FUNCTION = YES;
				GCC_WARN_UNUSED_VARIABLE = YES;
				IPHONEOS_DEPLOYMENT_TARGET = 17.0;
				MTL_ENABLE_DEBUG_INFO = INCLUDE_SOURCE;
				MTL_FAST_MATH = YES;
				ONLY_ACTIVE_ARCH = YES;
				PRODUCT_NAME = "$(TARGET_NAME)";
				SDKROOT = iphoneos;
				SWIFT_ACTIVE_COMPILATION_CONDITIONS = DEBUG;
				SWIFT_OPTIMIZATION_LEVEL = "-Onone";
				SWIFT_VERSION = 5.0;
			};
			name = Debug;
		};
/* End XCBuildConfiguration section */

/* Begin XCConfigurationList section */
		123D499F512889EE3E896975 /* Build configuration list for PBXNativeTarget "DEMOED" */ = {
			isa = XCConfigurationList;
			buildConfigurations = (
				5D18C7A903AE6D6A7FB472ED /* Debug */,
				48E3DA1E4AA627EDFF721D23 /* Release */,
			);
			defaultConfigurationIsVisible = 0;
			defaultConfigurationName = Debug;
		};
		56DF111FFAFC5DCEC7B6DF56 /* Build configuration list for PBXProject "DEMOED" */ = {
			isa = XCConfigurationList;
			buildConfigurations = (
				FA188FE01CFFE7ADA5D3544C /* Debug */,
				D6E67D0E18AD063CFB4095C3 /* Release */,
			);
			defaultConfigurationIsVisible = 0;
			defaultConfigurationName = Debug;
		};
/* End XCConfigurationList section */
	};
	rootObject = 91CEA0EDD32C06E405141CD3 /* Project object */;
}
